<?xml version="1.0"?>
<CONFIG>
  <ProjectOptions>
    <Version Value="9"/>
    <PathDelim Value="\"/>
    <General>
      <Flags>
        <MainUnitHasUsesSectionForAllUnits Value="False"/>
        <MainUnitHasCreateFormStatements Value="False"/>
        <MainUnitHasTitleStatement Value="False"/>
        <LRSInOutputDirectory Value="False"/>
      </Flags>
      <MainUnit Value="0"/>
      <ActiveWindowIndexAtStart Value="0"/>
    </General>
    <LazDoc Paths="lazdoc"/>
    <VersionInfo>
      <StringTable ProductVersion=""/>
    </VersionInfo>
    <BuildModes Count="1">
      <Item1 Name="default" Default="True"/>
    </BuildModes>
    <PublishOptions>
      <Version Value="2"/>
      <IgnoreBinaries Value="False"/>
      <IncludeFileFilter Value="*.(pas|pp|inc|lfm|lpr|lrs|lpi|lpk|sh|xml)"/>
      <ExcludeFileFilter Value="*.(bak|ppu|ppw|o|so);*~;backup"/>
    </PublishOptions>
    <RunParams>
      <local>
        <FormatVersion Value="1"/>
        <CommandLineParams Value="$ProjPath()\testscript.oop.txt"/>
        <LaunchingApplication PathPlusParams="\usr\bin\gnome-terminal -e $(TargetCmdLine)"/>
      </local>
    </RunParams>
    <RequiredPackages Count="2">
      <Item1>
        <PackageName Value="thoriumcorepkg"/>
        <MinVersion Major="1" Valid="True"/>
      </Item1>
      <Item2>
        <PackageName Value="LCL"/>
        <MinVersion Major="1" Valid="True"/>
      </Item2>
    </RequiredPackages>
    <Units Count="27">
      <Unit0>
        <Filename Value="scripttest.pas"/>
        <IsPartOfProject Value="True"/>
        <UnitName Value="scripttest"/>
        <EditorIndex Value="0"/>
        <WindowIndex Value="0"/>
        <TopLine Value="57"/>
        <CursorPos X="45" Y="50"/>
        <UsageCount Value="200"/>
        <Loaded Value="True"/>
      </Unit0>
      <Unit1>
        <Filename Value="thorium.pas"/>
        <UnitName Value="Thorium"/>
        <TopLine Value="1"/>
        <CursorPos X="64" Y="13"/>
        <UsageCount Value="162"/>
      </Unit1>
      <Unit2>
        <Filename Value="thorium_globals.pas"/>
        <UnitName Value="Thorium_Globals"/>
        <TopLine Value="1"/>
        <CursorPos X="49" Y="8"/>
        <UsageCount Value="162"/>
      </Unit2>
      <Unit3>
        <Filename Value="thorium_utils.pas"/>
        <UnitName Value="Thorium_Utils"/>
        <TopLine Value="1"/>
        <CursorPos X="49" Y="8"/>
        <UsageCount Value="162"/>
      </Unit3>
      <Unit4>
        <Filename Value="thorium_cllmethu.pas"/>
        <UnitName Value="thorium_cllmethu"/>
        <TopLine Value="32"/>
        <CursorPos X="55" Y="152"/>
        <UsageCount Value="85"/>
      </Unit4>
      <Unit5>
        <Filename Value="thorium_nativecall.pas"/>
        <UnitName Value="Thorium_NativeCall"/>
        <TopLine Value="1"/>
        <CursorPos X="15" Y="5"/>
        <UsageCount Value="59"/>
      </Unit5>
      <Unit6>
        <Filename Value="thoriumlibstd.pas"/>
        <UnitName Value="ThoriumLibStd"/>
        <TopLine Value="1"/>
        <CursorPos X="49" Y="9"/>
        <UsageCount Value="19"/>
      </Unit6>
      <Unit7>
        <Filename Value="thoriumlibstdio.pas"/>
        <UnitName Value="ThoriumLibStdIO"/>
        <TopLine Value="1"/>
        <CursorPos X="49" Y="9"/>
        <UsageCount Value="18"/>
      </Unit7>
      <Unit8>
        <Filename Value="thoriumlibstring.pas"/>
        <UnitName Value="ThoriumLibString"/>
        <TopLine Value="1"/>
        <CursorPos X="49" Y="7"/>
        <UsageCount Value="17"/>
      </Unit8>
      <Unit9>
        <Filename Value="packages\thoriumcorepkg\thorium.pas"/>
        <UnitName Value="Thorium"/>
        <EditorIndex Value="3"/>
        <WindowIndex Value="0"/>
        <TopLine Value="2032"/>
        <CursorPos X="84" Y="2057"/>
        <UsageCount Value="100"/>
        <Bookmarks Count="1">
          <Item0 X="3" Y="7028" ID="1"/>
        </Bookmarks>
        <Loaded Value="True"/>
      </Unit9>
      <Unit10>
        <Filename Value="thoriumcorepkg.lpk"/>
        <TopLine Value="1"/>
        <CursorPos X="1" Y="1"/>
        <UsageCount Value="55"/>
        <DefaultSyntaxHighlighter Value="XML"/>
      </Unit10>
      <Unit11>
        <Filename Value="packages\thoriumcorepkg\thorium_globals.pas"/>
        <UnitName Value="Thorium_Globals"/>
        <EditorIndex Value="8"/>
        <WindowIndex Value="0"/>
        <TopLine Value="111"/>
        <CursorPos X="100" Y="131"/>
        <UsageCount Value="100"/>
        <Loaded Value="True"/>
      </Unit11>
      <Unit12>
        <Filename Value="packages\thoriumcorepkg\thorium_utils.pas"/>
        <UnitName Value="Thorium_Utils"/>
        <WindowIndex Value="0"/>
        <TopLine Value="123"/>
        <CursorPos X="42" Y="117"/>
        <UsageCount Value="97"/>
      </Unit12>
      <Unit13>
        <Filename Value="packages\thoriumlibpkg\thoriumlibstd.pas"/>
        <UnitName Value="ThoriumLibStd"/>
        <EditorIndex Value="7"/>
        <WindowIndex Value="0"/>
        <TopLine Value="48"/>
        <CursorPos X="51" Y="81"/>
        <UsageCount Value="122"/>
        <Loaded Value="True"/>
      </Unit13>
      <Unit14>
        <Filename Value="packages\thoriumlibpkg\thoriumlibstdio.pas"/>
        <UnitName Value="ThoriumLibStdIO"/>
        <WindowIndex Value="0"/>
        <TopLine Value="56"/>
        <CursorPos X="13" Y="104"/>
        <UsageCount Value="15"/>
      </Unit14>
      <Unit15>
        <Filename Value="scripts\testscript.expressions.txt"/>
        <IsPartOfProject Value="True"/>
        <EditorIndex Value="1"/>
        <WindowIndex Value="1"/>
        <TopLine Value="44"/>
        <CursorPos X="15" Y="41"/>
        <UsageCount Value="213"/>
        <Loaded Value="True"/>
        <DefaultSyntaxHighlighter Value="None"/>
      </Unit15>
      <Unit16>
        <Filename Value="thorium_defaultcompiler.pas"/>
        <UnitName Value="Thorium_DefaultCompiler"/>
        <TopLine Value="1"/>
        <CursorPos X="7" Y="13"/>
        <UsageCount Value="7"/>
      </Unit16>
      <Unit17>
        <Filename Value="packages\thoriumcorepkg\thorium_defaultcompiler.pas"/>
        <UnitName Value="Thorium_DefaultCompiler"/>
        <EditorIndex Value="2"/>
        <WindowIndex Value="0"/>
        <TopLine Value="2080"/>
        <CursorPos X="65" Y="2119"/>
        <ExtraEditorCount Value="1"/>
        <ExtraEditor1>
          <WindowIndex Value="0"/>
          <TopLine Value="641"/>
          <CursorPos X="1" Y="667"/>
        </ExtraEditor1>
        <UsageCount Value="100"/>
        <Loaded Value="True"/>
      </Unit17>
      <Unit18>
        <Filename Value="packages\thoriumcorepkg\Thorium_InstructionConstructors.inc"/>
        <EditorIndex Value="9"/>
        <WindowIndex Value="0"/>
        <TopLine Value="337"/>
        <CursorPos X="26" Y="374"/>
        <UsageCount Value="84"/>
        <Loaded Value="True"/>
      </Unit18>
      <Unit19>
        <Filename Value="..\..\..\..\..\usr\share\fpcsrc\rtl\objpas\typinfo.pp"/>
        <UnitName Value="typinfo"/>
        <WindowIndex Value="0"/>
        <TopLine Value="121"/>
        <CursorPos X="67" Y="158"/>
        <UsageCount Value="61"/>
      </Unit19>
      <Unit20>
        <Filename Value="testlibs\thoriumtestnativecall.pas"/>
        <IsPartOfProject Value="True"/>
        <UnitName Value="ThoriumTestNativeCall"/>
        <EditorIndex Value="1"/>
        <WindowIndex Value="0"/>
        <TopLine Value="1"/>
        <CursorPos X="40" Y="27"/>
        <UsageCount Value="200"/>
        <Loaded Value="True"/>
      </Unit20>
      <Unit21>
        <Filename Value="packages\thoriumcorepkg\thorium_nativecall.pas"/>
        <UnitName Value="Thorium_NativeCall"/>
        <IsVisibleTab Value="True"/>
        <EditorIndex Value="5"/>
        <WindowIndex Value="0"/>
        <TopLine Value="522"/>
        <CursorPos X="47" Y="557"/>
        <UsageCount Value="96"/>
        <Loaded Value="True"/>
      </Unit21>
      <Unit22>
        <Filename Value="scripts\testscript.new.txt"/>
        <IsVisibleTab Value="True"/>
        <EditorIndex Value="0"/>
        <WindowIndex Value="1"/>
        <TopLine Value="1"/>
        <CursorPos X="48" Y="15"/>
        <UsageCount Value="43"/>
        <Loaded Value="True"/>
        <DefaultSyntaxHighlighter Value="None"/>
      </Unit22>
      <Unit23>
        <Filename Value="..\..\..\..\..\usr\share\fpcsrc\rtl\inc\systemh.inc"/>
        <WindowIndex Value="0"/>
        <TopLine Value="973"/>
        <CursorPos X="11" Y="992"/>
        <UsageCount Value="5"/>
      </Unit23>
      <Unit24>
        <Filename Value="packages\thoriumcorepkg\optimizer\thorium_optimizejumps.pas"/>
        <UnitName Value="Thorium_OptimizeJumps"/>
        <EditorIndex Value="6"/>
        <WindowIndex Value="0"/>
        <TopLine Value="36"/>
        <CursorPos X="18" Y="61"/>
        <UsageCount Value="40"/>
        <Loaded Value="True"/>
      </Unit24>
      <Unit25>
        <Filename Value="packages\thoriumcorepkg\thoriumcorepkg.pas"/>
        <UnitName Value="thoriumcorepkg"/>
        <WindowIndex Value="0"/>
        <TopLine Value="1"/>
        <CursorPos X="46" Y="11"/>
        <UsageCount Value="4"/>
      </Unit25>
      <Unit26>
        <Filename Value="packages\thoriumcorepkg\optimizer\thorium_optimizemovecopy.pas"/>
        <UnitName Value="Thorium_OptimizeMoveCopy"/>
        <EditorIndex Value="4"/>
        <WindowIndex Value="0"/>
        <TopLine Value="114"/>
        <CursorPos X="47" Y="147"/>
        <UsageCount Value="40"/>
        <Loaded Value="True"/>
      </Unit26>
    </Units>
    <JumpHistory Count="30" HistoryIndex="29">
      <Position1>
        <Filename Value="packages\thoriumcorepkg\thorium_nativecall.pas"/>
        <Caret Line="716" Column="1" TopLine="672"/>
      </Position1>
      <Position2>
        <Filename Value="packages\thoriumcorepkg\thorium_nativecall.pas"/>
        <Caret Line="718" Column="1" TopLine="673"/>
      </Position2>
      <Position3>
        <Filename Value="packages\thoriumcorepkg\thorium_nativecall.pas"/>
        <Caret Line="719" Column="1" TopLine="674"/>
      </Position3>
      <Position4>
        <Filename Value="packages\thoriumcorepkg\thorium_nativecall.pas"/>
        <Caret Line="720" Column="1" TopLine="675"/>
      </Position4>
      <Position5>
        <Filename Value="packages\thoriumcorepkg\thorium_nativecall.pas"/>
        <Caret Line="721" Column="1" TopLine="676"/>
      </Position5>
      <Position6>
        <Filename Value="packages\thoriumcorepkg\thorium_nativecall.pas"/>
        <Caret Line="722" Column="1" TopLine="677"/>
      </Position6>
      <Position7>
        <Filename Value="packages\thoriumcorepkg\thorium_nativecall.pas"/>
        <Caret Line="723" Column="1" TopLine="678"/>
      </Position7>
      <Position8>
        <Filename Value="packages\thoriumcorepkg\thorium_nativecall.pas"/>
        <Caret Line="718" Column="1" TopLine="678"/>
      </Position8>
      <Position9>
        <Filename Value="packages\thoriumcorepkg\thorium_nativecall.pas"/>
        <Caret Line="719" Column="1" TopLine="678"/>
      </Position9>
      <Position10>
        <Filename Value="packages\thoriumcorepkg\thorium_nativecall.pas"/>
        <Caret Line="720" Column="1" TopLine="678"/>
      </Position10>
      <Position11>
        <Filename Value="packages\thoriumcorepkg\thorium_nativecall.pas"/>
        <Caret Line="721" Column="1" TopLine="678"/>
      </Position11>
      <Position12>
        <Filename Value="packages\thoriumcorepkg\thorium_nativecall.pas"/>
        <Caret Line="722" Column="1" TopLine="678"/>
      </Position12>
      <Position13>
        <Filename Value="packages\thoriumcorepkg\thorium_nativecall.pas"/>
        <Caret Line="723" Column="1" TopLine="678"/>
      </Position13>
      <Position14>
        <Filename Value="packages\thoriumcorepkg\thorium_nativecall.pas"/>
        <Caret Line="718" Column="1" TopLine="678"/>
      </Position14>
      <Position15>
        <Filename Value="packages\thoriumcorepkg\thorium_nativecall.pas"/>
        <Caret Line="719" Column="1" TopLine="678"/>
      </Position15>
      <Position16>
        <Filename Value="packages\thoriumcorepkg\thorium_nativecall.pas"/>
        <Caret Line="669" Column="1" TopLine="643"/>
      </Position16>
      <Position17>
        <Filename Value="packages\thoriumcorepkg\thorium_nativecall.pas"/>
        <Caret Line="670" Column="1" TopLine="643"/>
      </Position17>
      <Position18>
        <Filename Value="packages\thoriumcorepkg\thorium_nativecall.pas"/>
        <Caret Line="671" Column="1" TopLine="643"/>
      </Position18>
      <Position19>
        <Filename Value="packages\thoriumcorepkg\thorium_nativecall.pas"/>
        <Caret Line="721" Column="1" TopLine="699"/>
      </Position19>
      <Position20>
        <Filename Value="packages\thoriumcorepkg\thorium_nativecall.pas"/>
        <Caret Line="698" Column="1" TopLine="672"/>
      </Position20>
      <Position21>
        <Filename Value="packages\thoriumcorepkg\thorium_nativecall.pas"/>
        <Caret Line="712" Column="1" TopLine="672"/>
      </Position21>
      <Position22>
        <Filename Value="packages\thoriumcorepkg\thorium_nativecall.pas"/>
        <Caret Line="724" Column="31" TopLine="690"/>
      </Position22>
      <Position23>
        <Filename Value="packages\thoriumcorepkg\thorium_nativecall.pas"/>
        <Caret Line="722" Column="1" TopLine="690"/>
      </Position23>
      <Position24>
        <Filename Value="packages\thoriumcorepkg\thorium_nativecall.pas"/>
        <Caret Line="723" Column="1" TopLine="690"/>
      </Position24>
      <Position25>
        <Filename Value="packages\thoriumcorepkg\thorium_nativecall.pas"/>
        <Caret Line="718" Column="1" TopLine="690"/>
      </Position25>
      <Position26>
        <Filename Value="packages\thoriumcorepkg\thorium_nativecall.pas"/>
        <Caret Line="719" Column="1" TopLine="690"/>
      </Position26>
      <Position27>
        <Filename Value="packages\thoriumcorepkg\thorium_nativecall.pas"/>
        <Caret Line="720" Column="1" TopLine="690"/>
      </Position27>
      <Position28>
        <Filename Value="packages\thoriumcorepkg\thorium_nativecall.pas"/>
        <Caret Line="721" Column="1" TopLine="690"/>
      </Position28>
      <Position29>
        <Filename Value="packages\thoriumcorepkg\thorium_nativecall.pas"/>
        <Caret Line="722" Column="1" TopLine="690"/>
      </Position29>
      <Position30>
        <Filename Value="packages\thoriumcorepkg\thorium_nativecall.pas"/>
        <Caret Line="723" Column="1" TopLine="690"/>
      </Position30>
    </JumpHistory>
  </ProjectOptions>
  <CompilerOptions>
    <Version Value="10"/>
    <Target>
      <Filename Value="$(ProjPath)/scripttest"/>
    </Target>
    <SearchPaths>
      <OtherUnitFiles Value="testlibs"/>
      <UnitOutputDirectory Value="$ProjPath()/lib/$TargetCPU()-$TargetOS()"/>
    </SearchPaths>
    <Parsing>
      <Style Value="2"/>
      <SyntaxOptions>
        <CStyleOperator Value="False"/>
        <IncludeAssertionCode Value="True"/>
      </SyntaxOptions>
    </Parsing>
    <CodeGeneration>
      <Checks>
        <IOChecks Value="True"/>
        <RangeChecks Value="True"/>
        <OverflowChecks Value="True"/>
        <StackChecks Value="True"/>
      </Checks>
      <TargetCPU Value="x86_64"/>
      <TargetOS Value="linux"/>
      <Optimizations>
        <OptimizationLevel Value="0"/>
      </Optimizations>
    </CodeGeneration>
    <Linking>
      <Debugging>
        <GenerateDebugInfo Value="True"/>
        <UseExternalDbgSyms Value="True"/>
      </Debugging>
    </Linking>
    <Other>
      <CompilerMessages>
        <UseMsgFile Value="True"/>
      </CompilerMessages>
      <CustomOptions Value="-a"/>
      <CompilerPath Value="$(CompPath)"/>
    </Other>
  </CompilerOptions>
  <Debugging>
    <BreakPoints Count="10">
      <Item1>
        <Source Value="packages\thoriumcorepkg\thorium_nativecall.pas"/>
        <Line Value="688"/>
      </Item1>
      <Item2>
        <Source Value="packages\thoriumcorepkg\thorium_nativecall.pas"/>
        <Line Value="691"/>
      </Item2>
      <Item3>
        <Source Value="packages\thoriumcorepkg\thorium_nativecall.pas"/>
        <Line Value="698"/>
      </Item3>
      <Item4>
        <Source Value="packages\thoriumcorepkg\thorium_nativecall.pas"/>
        <Line Value="705"/>
      </Item4>
      <Item5>
        <Source Value="packages\thoriumcorepkg\thorium_nativecall.pas"/>
        <Line Value="708"/>
      </Item5>
      <Item6>
        <Source Value="packages\thoriumcorepkg\thorium_nativecall.pas"/>
        <Line Value="712"/>
      </Item6>
      <Item7>
        <Source Value="packages\thoriumcorepkg\thorium_nativecall.pas"/>
        <Line Value="725"/>
      </Item7>
      <Item8>
        <Source Value="packages\thoriumcorepkg\thorium_nativecall.pas"/>
        <Line Value="742"/>
      </Item8>
      <Item9>
        <Source Value="packages\thoriumcorepkg\thorium_nativecall.pas"/>
        <Line Value="759"/>
      </Item9>
      <Item10>
        <Source Value="packages\thoriumcorepkg\thorium_nativecall.pas"/>
        <Line Value="721"/>
      </Item10>
    </BreakPoints>
    <Watches Count="1">
      <Item1>
        <Expression Value="Instructions"/>
      </Item1>
    </Watches>
    <Exceptions Count="2">
      <Item1>
        <Name Value="ECodetoolError"/>
      </Item1>
      <Item2>
        <Name Value="EFOpenError"/>
      </Item2>
    </Exceptions>
  </Debugging>
</CONFIG>
