<?xml version="1.0"?>
<CONFIG>
  <ProjectOptions>
    <Version Value="9"/>
    <PathDelim Value="\"/>
    <General>
      <Flags>
        <MainUnitHasUsesSectionForAllUnits Value="False"/>
        <MainUnitHasCreateFormStatements Value="False"/>
        <MainUnitHasTitleStatement Value="False"/>
        <LRSInOutputDirectory Value="False"/>
      </Flags>
      <MainUnit Value="0"/>
      <ActiveWindowIndexAtStart Value="0"/>
    </General>
    <LazDoc Paths="lazdoc"/>
    <VersionInfo>
      <StringTable ProductVersion=""/>
    </VersionInfo>
    <BuildModes Count="1">
      <Item1 Name="default" Default="True"/>
    </BuildModes>
    <PublishOptions>
      <Version Value="2"/>
      <IgnoreBinaries Value="False"/>
      <IncludeFileFilter Value="*.(pas|pp|inc|lfm|lpr|lrs|lpi|lpk|sh|xml)"/>
      <ExcludeFileFilter Value="*.(bak|ppu|ppw|o|so);*~;backup"/>
    </PublishOptions>
    <RunParams>
      <local>
        <FormatVersion Value="1"/>
        <CommandLineParams Value="$ProjPath()\testscript.oop.txt"/>
        <LaunchingApplication PathPlusParams="\usr\bin\gnome-terminal -e $(TargetCmdLine)"/>
      </local>
    </RunParams>
    <RequiredPackages Count="2">
      <Item1>
        <PackageName Value="thoriumcorepkg"/>
        <MinVersion Major="1" Valid="True"/>
      </Item1>
      <Item2>
        <PackageName Value="LCL"/>
        <MinVersion Major="1" Valid="True"/>
      </Item2>
    </RequiredPackages>
    <Units Count="29">
      <Unit0>
        <Filename Value="scripttest.pas"/>
        <IsPartOfProject Value="True"/>
        <UnitName Value="scripttest"/>
        <EditorIndex Value="0"/>
        <WindowIndex Value="0"/>
        <TopLine Value="50"/>
        <CursorPos X="45" Y="50"/>
        <UsageCount Value="200"/>
        <Loaded Value="True"/>
      </Unit0>
      <Unit1>
        <Filename Value="thorium.pas"/>
        <UnitName Value="Thorium"/>
        <TopLine Value="1"/>
        <CursorPos X="64" Y="13"/>
        <UsageCount Value="162"/>
      </Unit1>
      <Unit2>
        <Filename Value="thorium_globals.pas"/>
        <UnitName Value="Thorium_Globals"/>
        <TopLine Value="1"/>
        <CursorPos X="49" Y="8"/>
        <UsageCount Value="162"/>
      </Unit2>
      <Unit3>
        <Filename Value="thorium_utils.pas"/>
        <UnitName Value="Thorium_Utils"/>
        <TopLine Value="1"/>
        <CursorPos X="49" Y="8"/>
        <UsageCount Value="162"/>
      </Unit3>
      <Unit4>
        <Filename Value="thorium_cllmethu.pas"/>
        <UnitName Value="thorium_cllmethu"/>
        <TopLine Value="32"/>
        <CursorPos X="55" Y="152"/>
        <UsageCount Value="85"/>
      </Unit4>
      <Unit5>
        <Filename Value="thorium_nativecall.pas"/>
        <UnitName Value="Thorium_NativeCall"/>
        <TopLine Value="1"/>
        <CursorPos X="15" Y="5"/>
        <UsageCount Value="59"/>
      </Unit5>
      <Unit6>
        <Filename Value="thoriumlibstd.pas"/>
        <UnitName Value="ThoriumLibStd"/>
        <TopLine Value="1"/>
        <CursorPos X="49" Y="9"/>
        <UsageCount Value="19"/>
      </Unit6>
      <Unit7>
        <Filename Value="thoriumlibstdio.pas"/>
        <UnitName Value="ThoriumLibStdIO"/>
        <TopLine Value="1"/>
        <CursorPos X="49" Y="9"/>
        <UsageCount Value="18"/>
      </Unit7>
      <Unit8>
        <Filename Value="thoriumlibstring.pas"/>
        <UnitName Value="ThoriumLibString"/>
        <TopLine Value="1"/>
        <CursorPos X="49" Y="7"/>
        <UsageCount Value="17"/>
      </Unit8>
      <Unit9>
        <Filename Value="packages\thoriumcorepkg\thorium.pas"/>
        <UnitName Value="Thorium"/>
        <EditorIndex Value="3"/>
        <WindowIndex Value="0"/>
        <TopLine Value="2482"/>
        <CursorPos X="30" Y="2508"/>
        <UsageCount Value="100"/>
        <Bookmarks Count="1">
          <Item0 X="3" Y="7059" ID="1"/>
        </Bookmarks>
        <Loaded Value="True"/>
      </Unit9>
      <Unit10>
        <Filename Value="thoriumcorepkg.lpk"/>
        <TopLine Value="1"/>
        <CursorPos X="1" Y="1"/>
        <UsageCount Value="55"/>
        <DefaultSyntaxHighlighter Value="XML"/>
      </Unit10>
      <Unit11>
        <Filename Value="packages\thoriumcorepkg\thglobals.pas"/>
        <UnitName Value="ThGlobals"/>
        <EditorIndex Value="12"/>
        <WindowIndex Value="0"/>
        <TopLine Value="58"/>
        <CursorPos X="100" Y="131"/>
        <UsageCount Value="100"/>
        <Loaded Value="True"/>
      </Unit11>
      <Unit12>
        <Filename Value="packages\thoriumcorepkg\thutils.pas"/>
        <UnitName Value="ThUtils"/>
        <EditorIndex Value="7"/>
        <WindowIndex Value="0"/>
        <TopLine Value="79"/>
        <CursorPos X="10" Y="63"/>
        <UsageCount Value="98"/>
        <Loaded Value="True"/>
      </Unit12>
      <Unit13>
        <Filename Value="packages\thoriumlibpkg\thoriumlibstd.pas"/>
        <UnitName Value="ThoriumLibStd"/>
        <EditorIndex Value="11"/>
        <WindowIndex Value="0"/>
        <TopLine Value="48"/>
        <CursorPos X="51" Y="81"/>
        <UsageCount Value="122"/>
        <Loaded Value="True"/>
      </Unit13>
      <Unit14>
        <Filename Value="packages\thoriumlibpkg\thoriumlibstdio.pas"/>
        <UnitName Value="ThoriumLibStdIO"/>
        <WindowIndex Value="0"/>
        <TopLine Value="56"/>
        <CursorPos X="13" Y="104"/>
        <UsageCount Value="15"/>
      </Unit14>
      <Unit15>
        <Filename Value="scripts\testscript.expressions.txt"/>
        <IsPartOfProject Value="True"/>
        <EditorIndex Value="1"/>
        <WindowIndex Value="1"/>
        <TopLine Value="44"/>
        <CursorPos X="15" Y="41"/>
        <UsageCount Value="213"/>
        <Loaded Value="True"/>
        <DefaultSyntaxHighlighter Value="None"/>
      </Unit15>
      <Unit16>
        <Filename Value="thorium_defaultcompiler.pas"/>
        <UnitName Value="Thorium_DefaultCompiler"/>
        <TopLine Value="1"/>
        <CursorPos X="7" Y="13"/>
        <UsageCount Value="7"/>
      </Unit16>
      <Unit17>
        <Filename Value="packages\thoriumcorepkg\compiler\thcompiler.pas"/>
        <UnitName Value="ThCompiler"/>
        <EditorIndex Value="2"/>
        <WindowIndex Value="0"/>
        <TopLine Value="281"/>
        <CursorPos X="30" Y="307"/>
        <ExtraEditorCount Value="1"/>
        <ExtraEditor1>
          <WindowIndex Value="0"/>
          <TopLine Value="641"/>
          <CursorPos X="1" Y="667"/>
        </ExtraEditor1>
        <UsageCount Value="100"/>
        <Loaded Value="True"/>
      </Unit17>
      <Unit18>
        <Filename Value="packages\thoriumcorepkg\includes\ThInstructionConstructors.inc"/>
        <EditorIndex Value="13"/>
        <WindowIndex Value="0"/>
        <TopLine Value="337"/>
        <CursorPos X="26" Y="374"/>
        <UsageCount Value="85"/>
        <Loaded Value="True"/>
      </Unit18>
      <Unit19>
        <Filename Value="..\..\..\..\..\usr\share\fpcsrc\rtl\objpas\typinfo.pp"/>
        <UnitName Value="typinfo"/>
        <WindowIndex Value="0"/>
        <TopLine Value="121"/>
        <CursorPos X="67" Y="158"/>
        <UsageCount Value="61"/>
      </Unit19>
      <Unit20>
        <Filename Value="testlibs\thoriumtestnativecall.pas"/>
        <IsPartOfProject Value="True"/>
        <UnitName Value="ThoriumTestNativeCall"/>
        <IsVisibleTab Value="True"/>
        <EditorIndex Value="1"/>
        <WindowIndex Value="0"/>
        <TopLine Value="1"/>
        <CursorPos X="46" Y="18"/>
        <UsageCount Value="200"/>
        <Loaded Value="True"/>
      </Unit20>
      <Unit21>
        <Filename Value="packages\thoriumcorepkg\thnativecall.pas"/>
        <UnitName Value="ThNativeCall"/>
        <EditorIndex Value="9"/>
        <WindowIndex Value="0"/>
        <TopLine Value="598"/>
        <CursorPos X="72" Y="608"/>
        <UsageCount Value="97"/>
        <Loaded Value="True"/>
      </Unit21>
      <Unit22>
        <Filename Value="scripts\testscript.new.txt"/>
        <IsVisibleTab Value="True"/>
        <EditorIndex Value="0"/>
        <WindowIndex Value="1"/>
        <TopLine Value="1"/>
        <CursorPos X="26" Y="15"/>
        <UsageCount Value="44"/>
        <Loaded Value="True"/>
        <DefaultSyntaxHighlighter Value="None"/>
      </Unit22>
      <Unit23>
        <Filename Value="..\..\..\..\..\usr\share\fpcsrc\rtl\inc\systemh.inc"/>
        <EditorIndex Value="6"/>
        <WindowIndex Value="0"/>
        <TopLine Value="302"/>
        <CursorPos X="2" Y="327"/>
        <UsageCount Value="11"/>
        <Loaded Value="True"/>
      </Unit23>
      <Unit24>
        <Filename Value="packages\thoriumcorepkg\optimizer\thorium_optimizejumps.pas"/>
        <UnitName Value="Thorium_OptimizeJumps"/>
        <EditorIndex Value="10"/>
        <WindowIndex Value="0"/>
        <TopLine Value="1"/>
        <CursorPos X="40" Y="8"/>
        <UsageCount Value="41"/>
        <Loaded Value="True"/>
      </Unit24>
      <Unit25>
        <Filename Value="packages\thoriumcorepkg\thoriumcorepkg.pas"/>
        <UnitName Value="thoriumcorepkg"/>
        <WindowIndex Value="0"/>
        <TopLine Value="1"/>
        <CursorPos X="46" Y="11"/>
        <UsageCount Value="4"/>
      </Unit25>
      <Unit26>
        <Filename Value="packages\thoriumcorepkg\optimizer\thorium_optimizemovecopy.pas"/>
        <UnitName Value="Thorium_OptimizeMoveCopy"/>
        <EditorIndex Value="8"/>
        <WindowIndex Value="0"/>
        <TopLine Value="1"/>
        <CursorPos X="14" Y="25"/>
        <UsageCount Value="41"/>
        <Loaded Value="True"/>
      </Unit26>
      <Unit27>
        <Filename Value="..\..\..\..\..\usr\share\fpcsrc\rtl\objpas\math.pp"/>
        <UnitName Value="math"/>
        <EditorIndex Value="5"/>
        <WindowIndex Value="0"/>
        <TopLine Value="45"/>
        <CursorPos X="28" Y="71"/>
        <UsageCount Value="11"/>
        <Loaded Value="True"/>
      </Unit27>
      <Unit28>
        <Filename Value="..\..\..\..\..\usr\share\fpcsrc\rtl\objpas\fgl.pp"/>
        <UnitName Value="fgl"/>
        <EditorIndex Value="4"/>
        <WindowIndex Value="0"/>
        <TopLine Value="1005"/>
        <CursorPos X="32" Y="1022"/>
        <UsageCount Value="11"/>
        <Loaded Value="True"/>
      </Unit28>
    </Units>
    <JumpHistory Count="23" HistoryIndex="22">
      <Position1>
        <Filename Value="packages\thoriumcorepkg\thorium.pas"/>
        <Caret Line="6684" Column="79" TopLine="6642"/>
      </Position1>
      <Position2>
        <Filename Value="packages\thoriumcorepkg\thorium.pas"/>
        <Caret Line="6612" Column="68" TopLine="6586"/>
      </Position2>
      <Position3>
        <Filename Value="packages\thoriumcorepkg\thorium.pas"/>
        <Caret Line="1761" Column="25" TopLine="1721"/>
      </Position3>
      <Position4>
        <Filename Value="packages\thoriumcorepkg\thorium.pas"/>
        <Caret Line="6692" Column="20" TopLine="6672"/>
      </Position4>
      <Position5>
        <Filename Value="..\..\..\..\..\usr\share\fpcsrc\rtl\objpas\fgl.pp"/>
        <Caret Line="1257" Column="25" TopLine="1236"/>
      </Position5>
      <Position6>
        <Filename Value="packages\thoriumcorepkg\thorium.pas"/>
        <Caret Line="6219" Column="105" TopLine="6210"/>
      </Position6>
      <Position7>
        <Filename Value="packages\thoriumcorepkg\thorium.pas"/>
        <Caret Line="6300" Column="12" TopLine="6255"/>
      </Position7>
      <Position8>
        <Filename Value="packages\thoriumcorepkg\thorium.pas"/>
        <Caret Line="6621" Column="74" TopLine="6577"/>
      </Position8>
      <Position9>
        <Filename Value="packages\thoriumcorepkg\thorium.pas"/>
        <Caret Line="6647" Column="58" TopLine="6603"/>
      </Position9>
      <Position10>
        <Filename Value="packages\thoriumcorepkg\thorium.pas"/>
        <Caret Line="6692" Column="82" TopLine="6648"/>
      </Position10>
      <Position11>
        <Filename Value="packages\thoriumcorepkg\thorium.pas"/>
        <Caret Line="7378" Column="10" TopLine="7333"/>
      </Position11>
      <Position12>
        <Filename Value="packages\thoriumcorepkg\thorium.pas"/>
        <Caret Line="1" Column="1" TopLine="1"/>
      </Position12>
      <Position13>
        <Filename Value="packages\thoriumcorepkg\thorium.pas"/>
        <Caret Line="2495" Column="10" TopLine="2450"/>
      </Position13>
      <Position14>
        <Filename Value="packages\thoriumcorepkg\thorium.pas"/>
        <Caret Line="3272" Column="10" TopLine="2477"/>
      </Position14>
      <Position15>
        <Filename Value="packages\thoriumcorepkg\thorium.pas"/>
        <Caret Line="6298" Column="12" TopLine="6255"/>
      </Position15>
      <Position16>
        <Filename Value="packages\thoriumcorepkg\thorium.pas"/>
        <Caret Line="2649" Column="116" TopLine="2622"/>
      </Position16>
      <Position17>
        <Filename Value="packages\thoriumcorepkg\thorium.pas"/>
        <Caret Line="2631" Column="120" TopLine="2608"/>
      </Position17>
      <Position18>
        <Filename Value="packages\thoriumcorepkg\optimizer\thorium_optimizejumps.pas"/>
        <Caret Line="61" Column="18" TopLine="36"/>
      </Position18>
      <Position19>
        <Filename Value="packages\thoriumcorepkg\thorium.pas"/>
        <Caret Line="18" Column="100" TopLine="1"/>
      </Position19>
      <Position20>
        <Filename Value="packages\thoriumcorepkg\compiler\thcompiler.pas"/>
        <Caret Line="681" Column="75" TopLine="655"/>
      </Position20>
      <Position21>
        <Filename Value="testlibs\thoriumtestnativecall.pas"/>
        <Caret Line="39" Column="39" TopLine="1"/>
      </Position21>
      <Position22>
        <Filename Value="testlibs\thoriumtestnativecall.pas"/>
        <Caret Line="8" Column="40" TopLine="1"/>
      </Position22>
      <Position23>
        <Filename Value="testlibs\thoriumtestnativecall.pas"/>
        <Caret Line="16" Column="20" TopLine="1"/>
      </Position23>
    </JumpHistory>
  </ProjectOptions>
  <CompilerOptions>
    <Version Value="10"/>
    <Target>
      <Filename Value="$(ProjPath)/scripttest"/>
    </Target>
    <SearchPaths>
      <OtherUnitFiles Value="testlibs"/>
      <UnitOutputDirectory Value="$ProjPath()/lib/$TargetCPU()-$TargetOS()"/>
    </SearchPaths>
    <Parsing>
      <Style Value="2"/>
      <SyntaxOptions>
        <CStyleOperator Value="False"/>
        <IncludeAssertionCode Value="True"/>
      </SyntaxOptions>
    </Parsing>
    <CodeGeneration>
      <Checks>
        <IOChecks Value="True"/>
        <RangeChecks Value="True"/>
        <OverflowChecks Value="True"/>
        <StackChecks Value="True"/>
      </Checks>
      <TargetCPU Value="x86_64"/>
      <TargetOS Value="linux"/>
      <Optimizations>
        <OptimizationLevel Value="0"/>
      </Optimizations>
    </CodeGeneration>
    <Linking>
      <Debugging>
        <GenerateDebugInfo Value="True"/>
        <UseExternalDbgSyms Value="True"/>
      </Debugging>
    </Linking>
    <Other>
      <CompilerMessages>
        <UseMsgFile Value="True"/>
      </CompilerMessages>
      <CustomOptions Value="-a"/>
      <CompilerPath Value="$(CompPath)"/>
    </Other>
  </CompilerOptions>
  <Debugging>
    <BreakPoints Count="11">
      <Item1>
        <Source Value="packages\thoriumcorepkg\thorium_nativecall.pas"/>
        <Line Value="688"/>
      </Item1>
      <Item2>
        <Source Value="packages\thoriumcorepkg\thorium_nativecall.pas"/>
        <Line Value="691"/>
      </Item2>
      <Item3>
        <Source Value="packages\thoriumcorepkg\thorium_nativecall.pas"/>
        <Line Value="698"/>
      </Item3>
      <Item4>
        <Source Value="packages\thoriumcorepkg\thorium_nativecall.pas"/>
        <Line Value="705"/>
      </Item4>
      <Item5>
        <Source Value="packages\thoriumcorepkg\thorium_nativecall.pas"/>
        <Line Value="709"/>
      </Item5>
      <Item6>
        <Source Value="packages\thoriumcorepkg\thorium_nativecall.pas"/>
        <Line Value="713"/>
      </Item6>
      <Item7>
        <Source Value="packages\thoriumcorepkg\thorium_nativecall.pas"/>
        <Line Value="726"/>
      </Item7>
      <Item8>
        <Source Value="packages\thoriumcorepkg\thorium_nativecall.pas"/>
        <Line Value="743"/>
      </Item8>
      <Item9>
        <Source Value="packages\thoriumcorepkg\thorium_nativecall.pas"/>
        <Line Value="760"/>
      </Item9>
      <Item10>
        <Source Value="packages\thoriumcorepkg\thorium_nativecall.pas"/>
        <Line Value="722"/>
      </Item10>
      <Item11>
        <Source Value="packages\thoriumcorepkg\thorium_nativecall.pas"/>
        <Line Value="840"/>
      </Item11>
    </BreakPoints>
    <Watches Count="1">
      <Item1>
        <Expression Value="Instructions"/>
      </Item1>
    </Watches>
    <Exceptions Count="2">
      <Item1>
        <Name Value="ECodetoolError"/>
      </Item1>
      <Item2>
        <Name Value="EFOpenError"/>
      </Item2>
    </Exceptions>
  </Debugging>
</CONFIG>
