<?xml version="1.0"?>
<CONFIG>
  <ProjectOptions>
    <Version Value="9"/>
    <PathDelim Value="\"/>
    <General>
      <Flags>
        <MainUnitHasUsesSectionForAllUnits Value="False"/>
        <MainUnitHasCreateFormStatements Value="False"/>
        <MainUnitHasTitleStatement Value="False"/>
        <LRSInOutputDirectory Value="False"/>
      </Flags>
      <MainUnit Value="0"/>
      <ActiveWindowIndexAtStart Value="0"/>
    </General>
    <LazDoc Paths="lazdoc"/>
    <VersionInfo>
      <StringTable ProductVersion=""/>
    </VersionInfo>
    <BuildModes Count="1">
      <Item1 Name="default" Default="True"/>
    </BuildModes>
    <PublishOptions>
      <Version Value="2"/>
      <IgnoreBinaries Value="False"/>
      <IncludeFileFilter Value="*.(pas|pp|inc|lfm|lpr|lrs|lpi|lpk|sh|xml)"/>
      <ExcludeFileFilter Value="*.(bak|ppu|ppw|o|so);*~;backup"/>
    </PublishOptions>
    <RunParams>
      <local>
        <FormatVersion Value="1"/>
        <CommandLineParams Value="$ProjPath()\testscript.oop.txt"/>
        <LaunchingApplication PathPlusParams="\usr\bin\gnome-terminal -e $(TargetCmdLine)"/>
      </local>
    </RunParams>
    <RequiredPackages Count="2">
      <Item1>
        <PackageName Value="thoriumcorepkg"/>
        <MinVersion Major="1" Valid="True"/>
      </Item1>
      <Item2>
        <PackageName Value="LCL"/>
        <MinVersion Major="1" Valid="True"/>
      </Item2>
    </RequiredPackages>
    <Units Count="23">
      <Unit0>
        <Filename Value="scripttest.pas"/>
        <IsPartOfProject Value="True"/>
        <UnitName Value="scripttest"/>
        <EditorIndex Value="0"/>
        <WindowIndex Value="0"/>
        <TopLine Value="43"/>
        <CursorPos X="67" Y="74"/>
        <UsageCount Value="200"/>
        <Loaded Value="True"/>
      </Unit0>
      <Unit1>
        <Filename Value="thorium.pas"/>
        <UnitName Value="Thorium"/>
        <TopLine Value="1"/>
        <CursorPos X="64" Y="13"/>
        <UsageCount Value="168"/>
      </Unit1>
      <Unit2>
        <Filename Value="thorium_globals.pas"/>
        <UnitName Value="Thorium_Globals"/>
        <TopLine Value="1"/>
        <CursorPos X="49" Y="8"/>
        <UsageCount Value="168"/>
      </Unit2>
      <Unit3>
        <Filename Value="thorium_utils.pas"/>
        <UnitName Value="Thorium_Utils"/>
        <TopLine Value="1"/>
        <CursorPos X="49" Y="8"/>
        <UsageCount Value="168"/>
      </Unit3>
      <Unit4>
        <Filename Value="thorium_cllmethu.pas"/>
        <UnitName Value="thorium_cllmethu"/>
        <TopLine Value="32"/>
        <CursorPos X="55" Y="152"/>
        <UsageCount Value="91"/>
      </Unit4>
      <Unit5>
        <Filename Value="thorium_nativecall.pas"/>
        <UnitName Value="Thorium_NativeCall"/>
        <TopLine Value="1"/>
        <CursorPos X="15" Y="5"/>
        <UsageCount Value="65"/>
      </Unit5>
      <Unit6>
        <Filename Value="thoriumlibstd.pas"/>
        <UnitName Value="ThoriumLibStd"/>
        <TopLine Value="1"/>
        <CursorPos X="49" Y="9"/>
        <UsageCount Value="25"/>
      </Unit6>
      <Unit7>
        <Filename Value="thoriumlibstdio.pas"/>
        <UnitName Value="ThoriumLibStdIO"/>
        <TopLine Value="1"/>
        <CursorPos X="49" Y="9"/>
        <UsageCount Value="24"/>
      </Unit7>
      <Unit8>
        <Filename Value="thoriumlibstring.pas"/>
        <UnitName Value="ThoriumLibString"/>
        <TopLine Value="1"/>
        <CursorPos X="49" Y="7"/>
        <UsageCount Value="23"/>
      </Unit8>
      <Unit9>
        <Filename Value="packages\thoriumcorepkg\thorium.pas"/>
        <UnitName Value="Thorium"/>
        <EditorIndex Value="5"/>
        <WindowIndex Value="0"/>
        <TopLine Value="4042"/>
        <CursorPos X="52" Y="4055"/>
        <UsageCount Value="100"/>
        <Bookmarks Count="1">
          <Item0 X="5" Y="5747" ID="1"/>
        </Bookmarks>
        <Loaded Value="True"/>
      </Unit9>
      <Unit10>
        <Filename Value="thoriumcorepkg.lpk"/>
        <TopLine Value="1"/>
        <CursorPos X="1" Y="1"/>
        <UsageCount Value="61"/>
        <DefaultSyntaxHighlighter Value="XML"/>
      </Unit10>
      <Unit11>
        <Filename Value="packages\thoriumcorepkg\thorium_globals.pas"/>
        <UnitName Value="Thorium_Globals"/>
        <EditorIndex Value="7"/>
        <WindowIndex Value="0"/>
        <TopLine Value="57"/>
        <CursorPos X="22" Y="135"/>
        <UsageCount Value="100"/>
        <Loaded Value="True"/>
      </Unit11>
      <Unit12>
        <Filename Value="packages\thoriumcorepkg\thorium_utils.pas"/>
        <UnitName Value="Thorium_Utils"/>
        <WindowIndex Value="0"/>
        <TopLine Value="123"/>
        <CursorPos X="42" Y="117"/>
        <UsageCount Value="103"/>
      </Unit12>
      <Unit13>
        <Filename Value="packages\thoriumlibpkg\thoriumlibstd.pas"/>
        <UnitName Value="ThoriumLibStd"/>
        <EditorIndex Value="6"/>
        <WindowIndex Value="0"/>
        <TopLine Value="48"/>
        <CursorPos X="51" Y="81"/>
        <UsageCount Value="94"/>
        <Loaded Value="True"/>
      </Unit13>
      <Unit14>
        <Filename Value="packages\thoriumlibpkg\thoriumlibstdio.pas"/>
        <UnitName Value="ThoriumLibStdIO"/>
        <WindowIndex Value="0"/>
        <TopLine Value="56"/>
        <CursorPos X="13" Y="104"/>
        <UsageCount Value="21"/>
      </Unit14>
      <Unit15>
        <Filename Value="scripts\testscript.expressions.txt"/>
        <IsPartOfProject Value="True"/>
        <TopLine Value="1"/>
        <CursorPos X="60" Y="10"/>
        <UsageCount Value="213"/>
        <DefaultSyntaxHighlighter Value="None"/>
      </Unit15>
      <Unit16>
        <Filename Value="thorium_defaultcompiler.pas"/>
        <UnitName Value="Thorium_DefaultCompiler"/>
        <TopLine Value="1"/>
        <CursorPos X="7" Y="13"/>
        <UsageCount Value="13"/>
      </Unit16>
      <Unit17>
        <Filename Value="packages\thoriumcorepkg\thorium_defaultcompiler.pas"/>
        <UnitName Value="Thorium_DefaultCompiler"/>
        <EditorIndex Value="2"/>
        <WindowIndex Value="0"/>
        <TopLine Value="3057"/>
        <CursorPos X="47" Y="1123"/>
        <ExtraEditorCount Value="1"/>
        <ExtraEditor1>
          <WindowIndex Value="0"/>
          <TopLine Value="641"/>
          <CursorPos X="1" Y="667"/>
        </ExtraEditor1>
        <UsageCount Value="100"/>
        <Loaded Value="True"/>
      </Unit17>
      <Unit18>
        <Filename Value="packages\thoriumcorepkg\Thorium_InstructionConstructors.inc"/>
        <WindowIndex Value="0"/>
        <TopLine Value="1126"/>
        <CursorPos X="27" Y="1143"/>
        <UsageCount Value="53"/>
      </Unit18>
      <Unit19>
        <Filename Value="..\..\..\..\..\usr\share\fpcsrc\rtl\objpas\typinfo.pp"/>
        <UnitName Value="typinfo"/>
        <EditorIndex Value="3"/>
        <WindowIndex Value="0"/>
        <TopLine Value="119"/>
        <CursorPos X="67" Y="158"/>
        <UsageCount Value="66"/>
        <Loaded Value="True"/>
      </Unit19>
      <Unit20>
        <Filename Value="testlibs\thoriumtestnativecall.pas"/>
        <IsPartOfProject Value="True"/>
        <UnitName Value="ThoriumTestNativeCall"/>
        <EditorIndex Value="1"/>
        <WindowIndex Value="0"/>
        <TopLine Value="1"/>
        <CursorPos X="46" Y="1"/>
        <UsageCount Value="140"/>
        <Loaded Value="True"/>
      </Unit20>
      <Unit21>
        <Filename Value="packages\thoriumcorepkg\thorium_nativecall.pas"/>
        <UnitName Value="Thorium_NativeCall"/>
        <IsVisibleTab Value="True"/>
        <EditorIndex Value="4"/>
        <WindowIndex Value="0"/>
        <TopLine Value="706"/>
        <CursorPos X="1" Y="746"/>
        <UsageCount Value="64"/>
        <Loaded Value="True"/>
      </Unit21>
      <Unit22>
        <Filename Value="scripts\testscript.new.txt"/>
        <IsVisibleTab Value="True"/>
        <EditorIndex Value="0"/>
        <WindowIndex Value="1"/>
        <TopLine Value="1"/>
        <CursorPos X="74" Y="13"/>
        <UsageCount Value="11"/>
        <Loaded Value="True"/>
        <DefaultSyntaxHighlighter Value="None"/>
      </Unit22>
    </Units>
    <JumpHistory Count="28" HistoryIndex="27">
      <Position1>
        <Filename Value="packages\thoriumcorepkg\thorium_nativecall.pas"/>
        <Caret Line="730" Column="78" TopLine="717"/>
      </Position1>
      <Position2>
        <Filename Value="packages\thoriumcorepkg\thorium_nativecall.pas"/>
        <Caret Line="702" Column="1" TopLine="676"/>
      </Position2>
      <Position3>
        <Filename Value="packages\thoriumcorepkg\thorium_nativecall.pas"/>
        <Caret Line="703" Column="1" TopLine="676"/>
      </Position3>
      <Position4>
        <Filename Value="packages\thoriumcorepkg\thorium_nativecall.pas"/>
        <Caret Line="689" Column="58" TopLine="676"/>
      </Position4>
      <Position5>
        <Filename Value="packages\thoriumcorepkg\thorium_nativecall.pas"/>
        <Caret Line="705" Column="1" TopLine="676"/>
      </Position5>
      <Position6>
        <Filename Value="packages\thoriumcorepkg\thorium_nativecall.pas"/>
        <Caret Line="706" Column="1" TopLine="676"/>
      </Position6>
      <Position7>
        <Filename Value="packages\thoriumcorepkg\thorium_nativecall.pas"/>
        <Caret Line="698" Column="61" TopLine="676"/>
      </Position7>
      <Position8>
        <Filename Value="packages\thoriumcorepkg\thorium_nativecall.pas"/>
        <Caret Line="742" Column="40" TopLine="717"/>
      </Position8>
      <Position9>
        <Filename Value="packages\thoriumcorepkg\thorium_nativecall.pas"/>
        <Caret Line="744" Column="1" TopLine="717"/>
      </Position9>
      <Position10>
        <Filename Value="packages\thoriumcorepkg\thorium_nativecall.pas"/>
        <Caret Line="738" Column="51" TopLine="717"/>
      </Position10>
      <Position11>
        <Filename Value="packages\thoriumcorepkg\thorium_nativecall.pas"/>
        <Caret Line="702" Column="1" TopLine="676"/>
      </Position11>
      <Position12>
        <Filename Value="packages\thoriumcorepkg\thorium.pas"/>
        <Caret Line="7949" Column="37" TopLine="7904"/>
      </Position12>
      <Position13>
        <Filename Value="packages\thoriumcorepkg\thorium.pas"/>
        <Caret Line="2799" Column="11" TopLine="2774"/>
      </Position13>
      <Position14>
        <Filename Value="packages\thoriumcorepkg\thorium.pas"/>
        <Caret Line="2797" Column="36" TopLine="2771"/>
      </Position14>
      <Position15>
        <Filename Value="packages\thoriumcorepkg\thorium.pas"/>
        <Caret Line="4210" Column="28" TopLine="4193"/>
      </Position15>
      <Position16>
        <Filename Value="packages\thoriumcorepkg\thorium.pas"/>
        <Caret Line="4365" Column="32" TopLine="4365"/>
      </Position16>
      <Position17>
        <Filename Value="packages\thoriumcorepkg\thorium_globals.pas"/>
        <Caret Line="1979" Column="71" TopLine="1954"/>
      </Position17>
      <Position18>
        <Filename Value="packages\thoriumcorepkg\thorium_globals.pas"/>
        <Caret Line="135" Column="22" TopLine="57"/>
      </Position18>
      <Position19>
        <Filename Value="packages\thoriumcorepkg\thorium_nativecall.pas"/>
        <Caret Line="744" Column="60" TopLine="703"/>
      </Position19>
      <Position20>
        <Filename Value="packages\thoriumcorepkg\thorium.pas"/>
        <Caret Line="4044" Column="64" TopLine="4013"/>
      </Position20>
      <Position21>
        <Filename Value="packages\thoriumcorepkg\thorium_nativecall.pas"/>
        <Caret Line="744" Column="51" TopLine="719"/>
      </Position21>
      <Position22>
        <Filename Value="packages\thoriumcorepkg\thorium_nativecall.pas"/>
        <Caret Line="722" Column="30" TopLine="705"/>
      </Position22>
      <Position23>
        <Filename Value="packages\thoriumcorepkg\thorium_nativecall.pas"/>
        <Caret Line="771" Column="70" TopLine="743"/>
      </Position23>
      <Position24>
        <Filename Value="packages\thoriumcorepkg\thorium.pas"/>
        <Caret Line="4071" Column="87" TopLine="4042"/>
      </Position24>
      <Position25>
        <Filename Value="packages\thoriumcorepkg\thorium.pas"/>
        <Caret Line="4073" Column="61" TopLine="4042"/>
      </Position25>
      <Position26>
        <Filename Value="packages\thoriumcorepkg\thorium_nativecall.pas"/>
        <Caret Line="752" Column="66" TopLine="737"/>
      </Position26>
      <Position27>
        <Filename Value="packages\thoriumcorepkg\thorium_nativecall.pas"/>
        <Caret Line="723" Column="20" TopLine="695"/>
      </Position27>
      <Position28>
        <Filename Value="packages\thoriumcorepkg\thorium_nativecall.pas"/>
        <Caret Line="864" Column="85" TopLine="841"/>
      </Position28>
    </JumpHistory>
  </ProjectOptions>
  <CompilerOptions>
    <Version Value="10"/>
    <Target>
      <Filename Value="$(ProjPath)/scripttest"/>
    </Target>
    <SearchPaths>
      <OtherUnitFiles Value="testlibs"/>
      <UnitOutputDirectory Value="$ProjPath()/lib/$TargetCPU()-$TargetOS()"/>
    </SearchPaths>
    <Parsing>
      <Style Value="2"/>
      <SyntaxOptions>
        <CStyleOperator Value="False"/>
        <IncludeAssertionCode Value="True"/>
      </SyntaxOptions>
    </Parsing>
    <CodeGeneration>
      <Checks>
        <IOChecks Value="True"/>
        <RangeChecks Value="True"/>
        <OverflowChecks Value="True"/>
        <StackChecks Value="True"/>
      </Checks>
      <TargetCPU Value="x86_64"/>
      <TargetOS Value="linux"/>
      <Optimizations>
        <OptimizationLevel Value="0"/>
      </Optimizations>
    </CodeGeneration>
    <Linking>
      <Debugging>
        <GenerateDebugInfo Value="True"/>
        <UseExternalDbgSyms Value="True"/>
      </Debugging>
    </Linking>
    <Other>
      <CompilerMessages>
        <UseMsgFile Value="True"/>
      </CompilerMessages>
      <CustomOptions Value="-a"/>
      <CompilerPath Value="$(CompPath)"/>
    </Other>
  </CompilerOptions>
  <Debugging>
    <BreakPoints Count="2">
      <Item1>
        <Source Value="packages\thoriumcorepkg\thorium.pas"/>
        <Line Value="3517"/>
      </Item1>
      <Item2>
        <Source Value="packages\thoriumcorepkg\thorium.pas"/>
        <Line Value="2843"/>
      </Item2>
    </BreakPoints>
    <Watches Count="1">
      <Item1>
        <Expression Value="Instructions"/>
      </Item1>
    </Watches>
    <Exceptions Count="2">
      <Item1>
        <Name Value="ECodetoolError"/>
      </Item1>
      <Item2>
        <Name Value="EFOpenError"/>
      </Item2>
    </Exceptions>
  </Debugging>
</CONFIG>
